
Microsoft Visual Studio Solution File, Format Version 12.00
# Visual Studio Version 16
VisualStudioVersion = 16.0.31019.35
MinimumVisualStudioVersion = 10.0.40219.1
Project("{F184B08F-C81C-45F6-A57F-5ABD9991F28F}") = "WindowsApp2", "WindowsApp2\WindowsApp2.vbproj", "{37762073-2EC5-4BC5-B735-5B3B994CEF24}"
EndProject
Global
	GlobalSection(SolutionConfigurationPlatforms) = preSolution
		Debug|Any CPU = Debug|Any CPU
		Release|Any CPU = Release|Any CPU
	EndGlobalSection
	GlobalSection(ProjectConfigurationPlatforms) = postSolution
		{37762073-2EC5-4BC5-B735-5B3B994CEF24}.Debug|Any CPU.ActiveCfg = Debug|Any CPU
		{37762073-2EC5-4BC5-B735-5B3B994CEF24}.Debug|Any CPU.Build.0 = Debug|Any CPU
		{37762073-2EC5-4BC5-B735-5B3B994CEF24}.Release|Any CPU.ActiveCfg = Release|Any CPU
		{37762073-2EC5-4BC5-B735-5B3B994CEF24}.Release|Any CPU.Build.0 = Release|Any CPU
	EndGlobalSection
	GlobalSection(SolutionProperties) = preSolution
		HideSolutionNode = FALSE
	EndGlobalSection
	GlobalSection(ExtensibilityGlobals) = postSolution
		SolutionGuid = {D3CD5AD9-770D-4D84-BEEB-1EE6F51FAEF8}
	EndGlobalSection
EndGlobal
