
Microsoft Visual Studio Solution File, Format Version 12.00
# Visual Studio Version 16
VisualStudioVersion = 16.0.31019.35
MinimumVisualStudioVersion = 10.0.40219.1
Project("{F184B08F-C81C-45F6-A57F-5ABD9991F28F}") = "WindowsApp4", "WindowsApp4\WindowsApp4.vbproj", "{03880982-A307-469B-AAE3-50EA986451EE}"
EndProject
Global
	GlobalSection(SolutionConfigurationPlatforms) = preSolution
		Debug|Any CPU = Debug|Any CPU
		Release|Any CPU = Release|Any CPU
	EndGlobalSection
	GlobalSection(ProjectConfigurationPlatforms) = postSolution
		{03880982-A307-469B-AAE3-50EA986451EE}.Debug|Any CPU.ActiveCfg = Debug|Any CPU
		{03880982-A307-469B-AAE3-50EA986451EE}.Debug|Any CPU.Build.0 = Debug|Any CPU
		{03880982-A307-469B-AAE3-50EA986451EE}.Release|Any CPU.ActiveCfg = Release|Any CPU
		{03880982-A307-469B-AAE3-50EA986451EE}.Release|Any CPU.Build.0 = Release|Any CPU
	EndGlobalSection
	GlobalSection(SolutionProperties) = preSolution
		HideSolutionNode = FALSE
	EndGlobalSection
	GlobalSection(ExtensibilityGlobals) = postSolution
		SolutionGuid = {F4273A0A-199A-4E3C-B406-D4A4E20CC9D4}
	EndGlobalSection
EndGlobal
